
Microsoft Visual Studio Solution File, Format Version 12.00
# Visual Studio Version 17
VisualStudioVersion = 17.7.34024.191
MinimumVisualStudioVersion = 10.0.40219.1
Project("{FAE04EC0-301F-11D3-BF4B-00C04F79EFBC}") = "Pogoda2", "Pogoda2\Pogoda2.csproj", "{34E632D4-908D-4D0D-8613-A795FA71803D}"
EndProject
Global
	GlobalSection(SolutionConfigurationPlatforms) = preSolution
		Debug|Any CPU = Debug|Any CPU
		Release|Any CPU = Release|Any CPU
	EndGlobalSection
	GlobalSection(ProjectConfigurationPlatforms) = postSolution
		{34E632D4-908D-4D0D-8613-A795FA71803D}.Debug|Any CPU.ActiveCfg = Debug|Any CPU
		{34E632D4-908D-4D0D-8613-A795FA71803D}.Debug|Any CPU.Build.0 = Debug|Any CPU
		{34E632D4-908D-4D0D-8613-A795FA71803D}.Release|Any CPU.ActiveCfg = Release|Any CPU
		{34E632D4-908D-4D0D-8613-A795FA71803D}.Release|Any CPU.Build.0 = Release|Any CPU
	EndGlobalSection
	GlobalSection(SolutionProperties) = preSolution
		HideSolutionNode = FALSE
	EndGlobalSection
	GlobalSection(ExtensibilityGlobals) = postSolution
		SolutionGuid = {D0874F4E-CDA6-4659-81A2-7B2DF124D7DB}
	EndGlobalSection
EndGlobal
